
Microsoft Visual Studio Solution File, Format Version 12.00
# Visual Studio Version 16
VisualStudioVersion = 16.0.29418.71
MinimumVisualStudioVersion = 10.0.40219.1
Project("{FAE04EC0-301F-11D3-BF4B-00C04F79EFBC}") = "Movement", "Movement\Movement.csproj", "{5ED4F423-CFB1-4BFF-9C21-5B7598D95A22}"
EndProject
Global
	GlobalSection(SolutionConfigurationPlatforms) = preSolution
		Debug|Any CPU = Debug|Any CPU
		Release|Any CPU = Release|Any CPU
	EndGlobalSection
	GlobalSection(ProjectConfigurationPlatforms) = postSolution
		{5ED4F423-CFB1-4BFF-9C21-5B7598D95A22}.Debug|Any CPU.ActiveCfg = Debug|Any CPU
		{5ED4F423-CFB1-4BFF-9C21-5B7598D95A22}.Debug|Any CPU.Build.0 = Debug|Any CPU
		{5ED4F423-CFB1-4BFF-9C21-5B7598D95A22}.Release|Any CPU.ActiveCfg = Release|Any CPU
		{5ED4F423-CFB1-4BFF-9C21-5B7598D95A22}.Release|Any CPU.Build.0 = Release|Any CPU
	EndGlobalSection
	GlobalSection(SolutionProperties) = preSolution
		HideSolutionNode = FALSE
	EndGlobalSection
	GlobalSection(ExtensibilityGlobals) = postSolution
		SolutionGuid = {5A36F4D2-23BF-4547-8E26-2567B24C5515}
	EndGlobalSection
EndGlobal
