
Microsoft Visual Studio Solution File, Format Version 12.00
# Visual Studio Version 16
VisualStudioVersion = 16.0.29418.71
MinimumVisualStudioVersion = 10.0.40219.1
Project("{FAE04EC0-301F-11D3-BF4B-00C04F79EFBC}") = "NavigationDemo", "NavigationDemo.csproj", "{504D65AF-D522-46DC-88A4-FD31700401EA}"
EndProject
Global
	GlobalSection(SolutionConfigurationPlatforms) = preSolution
		Debug|Any CPU = Debug|Any CPU
		Release|Any CPU = Release|Any CPU
	EndGlobalSection
	GlobalSection(ProjectConfigurationPlatforms) = postSolution
		{504D65AF-D522-46DC-88A4-FD31700401EA}.Debug|Any CPU.ActiveCfg = Debug|Any CPU
		{504D65AF-D522-46DC-88A4-FD31700401EA}.Debug|Any CPU.Build.0 = Debug|Any CPU
		{504D65AF-D522-46DC-88A4-FD31700401EA}.Release|Any CPU.ActiveCfg = Release|Any CPU
		{504D65AF-D522-46DC-88A4-FD31700401EA}.Release|Any CPU.Build.0 = Release|Any CPU
	EndGlobalSection
	GlobalSection(SolutionProperties) = preSolution
		HideSolutionNode = FALSE
	EndGlobalSection
	GlobalSection(ExtensibilityGlobals) = postSolution
		SolutionGuid = {3CF864A1-B4C5-4DA0-82D8-9E71D0E2EF0A}
	EndGlobalSection
EndGlobal
